
Microsoft Visual Studio Solution File, Format Version 12.00
# Visual Studio 15
VisualStudioVersion = 15.0.26730.15
MinimumVisualStudioVersion = 10.0.40219.1
Project("{9092AA53-FB77-4645-B42D-1CCCA6BD08BD}") = "01. SquareArea", "01. SquareArea\01. SquareArea.njsproj", "{C01BA014-4004-4BFF-852A-6923AF835EEF}"
EndProject
Project("{9092AA53-FB77-4645-B42D-1CCCA6BD08BD}") = "02. InchesToCentimeters", "02. InchesToCentimeters\02. InchesToCentimeters.njsproj", "{FD8FAB98-FF52-46D1-95AF-4FDA826FACA2}"
EndProject
Project("{9092AA53-FB77-4645-B42D-1CCCA6BD08BD}") = "03. GreetingByName", "03. GreetingByName\03. GreetingByName.njsproj", "{29D8C4DF-3FA0-4637-99A0-12B3EF213500}"
EndProject
Project("{9092AA53-FB77-4645-B42D-1CCCA6BD08BD}") = "04. ConcatenateData", "04. ConcatenateData\04. ConcatenateData.njsproj", "{D1462895-CBD7-4771-A3C7-C1CFC06F0C8A}"
EndProject
Project("{9092AA53-FB77-4645-B42D-1CCCA6BD08BD}") = "05. TrapezoidArea", "05. TrapezoidArea\05. TrapezoidArea.njsproj", "{477AA645-7918-4251-99A8-63888A39B63B}"
EndProject
Project("{9092AA53-FB77-4645-B42D-1CCCA6BD08BD}") = "06. CircleAreaAndPerimeter", "06. CircleAreaAndPerimeter\06. CircleAreaAndPerimeter.njsproj", "{7AC8CA69-D860-40A1-9AB9-A8F5D2BEEFA8}"
EndProject
Project("{9092AA53-FB77-4645-B42D-1CCCA6BD08BD}") = "07. 2DRectangleArea", "07. 2DRectangleArea\07. 2DRectangleArea.njsproj", "{48DC50EF-5597-442D-8A19-C01F8BE10FB1}"
EndProject
Project("{9092AA53-FB77-4645-B42D-1CCCA6BD08BD}") = "08. TriangleArea", "08. TriangleArea\08. TriangleArea.njsproj", "{74AD44B9-3C03-42F0-9FC9-543385019993}"
EndProject
Project("{9092AA53-FB77-4645-B42D-1CCCA6BD08BD}") = "09. CelsiusToFahrenheit", "09. CelsiusToFahrenheit\09. CelsiusToFahrenheit.njsproj", "{570ABB5D-18E9-4ADE-9253-EDED76E0E3F4}"
EndProject
Project("{9092AA53-FB77-4645-B42D-1CCCA6BD08BD}") = "10. RadiansToDegrees", "10. RadiansToDegrees\10. RadiansToDegrees.njsproj", "{9B8D378E-C54B-4E6F-8054-4628186E6532}"
EndProject
Project("{9092AA53-FB77-4645-B42D-1CCCA6BD08BD}") = "11. USDtoBGN", "11. USDtoBGN\11. USDtoBGN.njsproj", "{9B476486-1499-41F5-87A6-EE8F02AAAFA5}"
EndProject
Project("{9092AA53-FB77-4645-B42D-1CCCA6BD08BD}") = "12. CurrencyConverter", "12. CurrencyConverter\12. CurrencyConverter.njsproj", "{2569DB55-0BC0-4D54-A817-76F3F6FC6721}"
EndProject
Project("{9092AA53-FB77-4645-B42D-1CCCA6BD08BD}") = "13. 1000DaysAfterBirth", "13. 1000DaysAfterBirth\13. 1000DaysAfterBirth.njsproj", "{00DB932C-1073-4489-A2FD-2D383A905B3C}"
EndProject
Global
	GlobalSection(SolutionConfigurationPlatforms) = preSolution
		Debug|Any CPU = Debug|Any CPU
		Release|Any CPU = Release|Any CPU
	EndGlobalSection
	GlobalSection(ProjectConfigurationPlatforms) = postSolution
		{C01BA014-4004-4BFF-852A-6923AF835EEF}.Debug|Any CPU.ActiveCfg = Debug|Any CPU
		{C01BA014-4004-4BFF-852A-6923AF835EEF}.Debug|Any CPU.Build.0 = Debug|Any CPU
		{C01BA014-4004-4BFF-852A-6923AF835EEF}.Release|Any CPU.ActiveCfg = Release|Any CPU
		{C01BA014-4004-4BFF-852A-6923AF835EEF}.Release|Any CPU.Build.0 = Release|Any CPU
		{FD8FAB98-FF52-46D1-95AF-4FDA826FACA2}.Debug|Any CPU.ActiveCfg = Debug|Any CPU
		{FD8FAB98-FF52-46D1-95AF-4FDA826FACA2}.Debug|Any CPU.Build.0 = Debug|Any CPU
		{FD8FAB98-FF52-46D1-95AF-4FDA826FACA2}.Release|Any CPU.ActiveCfg = Release|Any CPU
		{FD8FAB98-FF52-46D1-95AF-4FDA826FACA2}.Release|Any CPU.Build.0 = Release|Any CPU
		{29D8C4DF-3FA0-4637-99A0-12B3EF213500}.Debug|Any CPU.ActiveCfg = Debug|Any CPU
		{29D8C4DF-3FA0-4637-99A0-12B3EF213500}.Debug|Any CPU.Build.0 = Debug|Any CPU
		{29D8C4DF-3FA0-4637-99A0-12B3EF213500}.Release|Any CPU.ActiveCfg = Release|Any CPU
		{29D8C4DF-3FA0-4637-99A0-12B3EF213500}.Release|Any CPU.Build.0 = Release|Any CPU
		{D1462895-CBD7-4771-A3C7-C1CFC06F0C8A}.Debug|Any CPU.ActiveCfg = Debug|Any CPU
		{D1462895-CBD7-4771-A3C7-C1CFC06F0C8A}.Debug|Any CPU.Build.0 = Debug|Any CPU
		{D1462895-CBD7-4771-A3C7-C1CFC06F0C8A}.Release|Any CPU.ActiveCfg = Release|Any CPU
		{D1462895-CBD7-4771-A3C7-C1CFC06F0C8A}.Release|Any CPU.Build.0 = Release|Any CPU
		{477AA645-7918-4251-99A8-63888A39B63B}.Debug|Any CPU.ActiveCfg = Debug|Any CPU
		{477AA645-7918-4251-99A8-63888A39B63B}.Debug|Any CPU.Build.0 = Debug|Any CPU
		{477AA645-7918-4251-99A8-63888A39B63B}.Release|Any CPU.ActiveCfg = Release|Any CPU
		{477AA645-7918-4251-99A8-63888A39B63B}.Release|Any CPU.Build.0 = Release|Any CPU
		{7AC8CA69-D860-40A1-9AB9-A8F5D2BEEFA8}.Debug|Any CPU.ActiveCfg = Debug|Any CPU
		{7AC8CA69-D860-40A1-9AB9-A8F5D2BEEFA8}.Debug|Any CPU.Build.0 = Debug|Any CPU
		{7AC8CA69-D860-40A1-9AB9-A8F5D2BEEFA8}.Release|Any CPU.ActiveCfg = Release|Any CPU
		{7AC8CA69-D860-40A1-9AB9-A8F5D2BEEFA8}.Release|Any CPU.Build.0 = Release|Any CPU
		{48DC50EF-5597-442D-8A19-C01F8BE10FB1}.Debug|Any CPU.ActiveCfg = Debug|Any CPU
		{48DC50EF-5597-442D-8A19-C01F8BE10FB1}.Debug|Any CPU.Build.0 = Debug|Any CPU
		{48DC50EF-5597-442D-8A19-C01F8BE10FB1}.Release|Any CPU.ActiveCfg = Release|Any CPU
		{48DC50EF-5597-442D-8A19-C01F8BE10FB1}.Release|Any CPU.Build.0 = Release|Any CPU
		{74AD44B9-3C03-42F0-9FC9-543385019993}.Debug|Any CPU.ActiveCfg = Debug|Any CPU
		{74AD44B9-3C03-42F0-9FC9-543385019993}.Debug|Any CPU.Build.0 = Debug|Any CPU
		{74AD44B9-3C03-42F0-9FC9-543385019993}.Release|Any CPU.ActiveCfg = Release|Any CPU
		{74AD44B9-3C03-42F0-9FC9-543385019993}.Release|Any CPU.Build.0 = Release|Any CPU
		{570ABB5D-18E9-4ADE-9253-EDED76E0E3F4}.Debug|Any CPU.ActiveCfg = Debug|Any CPU
		{570ABB5D-18E9-4ADE-9253-EDED76E0E3F4}.Debug|Any CPU.Build.0 = Debug|Any CPU
		{570ABB5D-18E9-4ADE-9253-EDED76E0E3F4}.Release|Any CPU.ActiveCfg = Release|Any CPU
		{570ABB5D-18E9-4ADE-9253-EDED76E0E3F4}.Release|Any CPU.Build.0 = Release|Any CPU
		{9B8D378E-C54B-4E6F-8054-4628186E6532}.Debug|Any CPU.ActiveCfg = Debug|Any CPU
		{9B8D378E-C54B-4E6F-8054-4628186E6532}.Debug|Any CPU.Build.0 = Debug|Any CPU
		{9B8D378E-C54B-4E6F-8054-4628186E6532}.Release|Any CPU.ActiveCfg = Release|Any CPU
		{9B8D378E-C54B-4E6F-8054-4628186E6532}.Release|Any CPU.Build.0 = Release|Any CPU
		{9B476486-1499-41F5-87A6-EE8F02AAAFA5}.Debug|Any CPU.ActiveCfg = Debug|Any CPU
		{9B476486-1499-41F5-87A6-EE8F02AAAFA5}.Debug|Any CPU.Build.0 = Debug|Any CPU
		{9B476486-1499-41F5-87A6-EE8F02AAAFA5}.Release|Any CPU.ActiveCfg = Release|Any CPU
		{9B476486-1499-41F5-87A6-EE8F02AAAFA5}.Release|Any CPU.Build.0 = Release|Any CPU
		{2569DB55-0BC0-4D54-A817-76F3F6FC6721}.Debug|Any CPU.ActiveCfg = Debug|Any CPU
		{2569DB55-0BC0-4D54-A817-76F3F6FC6721}.Debug|Any CPU.Build.0 = Debug|Any CPU
		{2569DB55-0BC0-4D54-A817-76F3F6FC6721}.Release|Any CPU.ActiveCfg = Release|Any CPU
		{2569DB55-0BC0-4D54-A817-76F3F6FC6721}.Release|Any CPU.Build.0 = Release|Any CPU
		{00DB932C-1073-4489-A2FD-2D383A905B3C}.Debug|Any CPU.ActiveCfg = Debug|Any CPU
		{00DB932C-1073-4489-A2FD-2D383A905B3C}.Debug|Any CPU.Build.0 = Debug|Any CPU
		{00DB932C-1073-4489-A2FD-2D383A905B3C}.Release|Any CPU.ActiveCfg = Release|Any CPU
		{00DB932C-1073-4489-A2FD-2D383A905B3C}.Release|Any CPU.Build.0 = Release|Any CPU
	EndGlobalSection
	GlobalSection(SolutionProperties) = preSolution
		HideSolutionNode = FALSE
	EndGlobalSection
	GlobalSection(ExtensibilityGlobals) = postSolution
		SolutionGuid = {22E818DE-59FB-4E28-8AD9-C1A84B259295}
	EndGlobalSection
EndGlobal
